
Microsoft Visual Studio Solution File, Format Version 12.00
# Visual Studio Version 17
VisualStudioVersion = 17.9.34723.18
MinimumVisualStudioVersion = 10.0.40219.1
Project("{FAE04EC0-301F-11D3-BF4B-00C04F79EFBC}") = "Expense Tracker", "Expense Tracker\Expense Tracker.csproj", "{0A10E585-6307-42D2-B8A4-2D4BCDFC4CEA}"
EndProject
Global
	GlobalSection(SolutionConfigurationPlatforms) = preSolution
		Debug|Any CPU = Debug|Any CPU
		Release|Any CPU = Release|Any CPU
	EndGlobalSection
	GlobalSection(ProjectConfigurationPlatforms) = postSolution
		{0A10E585-6307-42D2-B8A4-2D4BCDFC4CEA}.Debug|Any CPU.ActiveCfg = Debug|Any CPU
		{0A10E585-6307-42D2-B8A4-2D4BCDFC4CEA}.Debug|Any CPU.Build.0 = Debug|Any CPU
		{0A10E585-6307-42D2-B8A4-2D4BCDFC4CEA}.Release|Any CPU.ActiveCfg = Release|Any CPU
		{0A10E585-6307-42D2-B8A4-2D4BCDFC4CEA}.Release|Any CPU.Build.0 = Release|Any CPU
	EndGlobalSection
	GlobalSection(SolutionProperties) = preSolution
		HideSolutionNode = FALSE
	EndGlobalSection
	GlobalSection(ExtensibilityGlobals) = postSolution
		SolutionGuid = {7E185C7E-612B-462C-9BB3-2DFC48F5A081}
	EndGlobalSection
EndGlobal
